
Microsoft Visual Studio Solution File, Format Version 12.00
# Visual Studio 15
VisualStudioVersion = 15.0.27703.2000
MinimumVisualStudioVersion = 10.0.40219.1
Project("{FAE04EC0-301F-11D3-BF4B-00C04F79EFBC}") = "BackgroupVsThreads", "BackgroupVsThreads\BackgroupVsThreads.csproj", "{ADC37731-82B3-4761-B655-72898165BE41}"
EndProject
Global
	GlobalSection(SolutionConfigurationPlatforms) = preSolution
		Debug|Any CPU = Debug|Any CPU
		Release|Any CPU = Release|Any CPU
	EndGlobalSection
	GlobalSection(ProjectConfigurationPlatforms) = postSolution
		{ADC37731-82B3-4761-B655-72898165BE41}.Debug|Any CPU.ActiveCfg = Debug|Any CPU
		{ADC37731-82B3-4761-B655-72898165BE41}.Debug|Any CPU.Build.0 = Debug|Any CPU
		{ADC37731-82B3-4761-B655-72898165BE41}.Release|Any CPU.ActiveCfg = Release|Any CPU
		{ADC37731-82B3-4761-B655-72898165BE41}.Release|Any CPU.Build.0 = Release|Any CPU
	EndGlobalSection
	GlobalSection(SolutionProperties) = preSolution
		HideSolutionNode = FALSE
	EndGlobalSection
	GlobalSection(ExtensibilityGlobals) = postSolution
		SolutionGuid = {662A50EF-EA39-448A-89AF-CC3BAB66604B}
	EndGlobalSection
EndGlobal
